// !$*UTF8*$!
{
	archiveVersion = 1;
	classes = {
	};
	objectVersion = 55;
	objects = {

/* Begin PBXBuildFile section */
		AA7064EA292A30C700CF93EB /* AppView.swift in Sources */ = {isa = PBXBuildFile; fileRef = AA7064E9292A30C700CF93EB /* AppView.swift */; };
		AA7064EC292A30F200CF93EB /* HomeView.swift in Sources */ = {isa = PBXBuildFile; fileRef = AA7064EB292A30F200CF93EB /* HomeView.swift */; };
		AA7064F2292A364A00CF93EB /* ClientView.swift in Sources */ = {isa = PBXBuildFile; fileRef = AA7064F1292A364A00CF93EB /* ClientView.swift */; };
		AA7064F8292B825B00CF93EB /* AppsCardView.swift in Sources */ = {isa = PBXBuildFile; fileRef = AA7064F7292B825B00CF93EB /* AppsCardView.swift */; };
		AA7064FC292B849700CF93EB /* AppDetailView.swift in Sources */ = {isa = PBXBuildFile; fileRef = AA7064FB292B849700CF93EB /* AppDetailView.swift */; };
		AA706502292B8B9B00CF93EB /* AppHeaderView.swift in Sources */ = {isa = PBXBuildFile; fileRef = AA706501292B8B9B00CF93EB /* AppHeaderView.swift */; };
		AA70652E292C886000CF93EB /* AppCardNView.swift in Sources */ = {isa = PBXBuildFile; fileRef = AA70652D292C886000CF93EB /* AppCardNView.swift */; };
		AA724E642935E20E007E1E6A /* SignInWithAppleObject.swift in Sources */ = {isa = PBXBuildFile; fileRef = AA724E632935E20E007E1E6A /* SignInWithAppleObject.swift */; };
		AA8CB0A72934A30600AFE57B /* Authentication.swift in Sources */ = {isa = PBXBuildFile; fileRef = AA8CB0A62934A30600AFE57B /* Authentication.swift */; };
		AA8CB0EA2934E10A00AFE57B /* AKChatBot.framework in Frameworks */ = {isa = PBXBuildFile; fileRef = AA8CB0DD2934E0DA00AFE57B /* AKChatBot.framework */; };
		AA8CB0EB2934E10A00AFE57B /* AZFramework.framework in Frameworks */ = {isa = PBXBuildFile; fileRef = AA8CB0E32934E0EE00AFE57B /* AZFramework.framework */; };
		AA8CB0EC2934E10A00AFE57B /* PinchFramework.framework in Frameworks */ = {isa = PBXBuildFile; fileRef = AA8CB0E92934E10000AFE57B /* PinchFramework.framework */; };
		AA8CB0ED2934E11500AFE57B /* PinchFramework.framework in Embed Frameworks */ = {isa = PBXBuildFile; fileRef = AA8CB0E92934E10000AFE57B /* PinchFramework.framework */; settings = {ATTRIBUTES = (CodeSignOnCopy, RemoveHeadersOnCopy, ); }; };
		AA8CB0EE2934E11500AFE57B /* AZFramework.framework in Embed Frameworks */ = {isa = PBXBuildFile; fileRef = AA8CB0E32934E0EE00AFE57B /* AZFramework.framework */; settings = {ATTRIBUTES = (CodeSignOnCopy, RemoveHeadersOnCopy, ); }; };
		AA8CB0EF2934E11500AFE57B /* AKChatBot.framework in Embed Frameworks */ = {isa = PBXBuildFile; fileRef = AA8CB0DD2934E0DA00AFE57B /* AKChatBot.framework */; settings = {ATTRIBUTES = (CodeSignOnCopy, RemoveHeadersOnCopy, ); }; };
		AA8CB1792935D91200AFE57B /* SignInWithAppleButton.swift in Sources */ = {isa = PBXBuildFile; fileRef = AA8CB1752935D3D900AFE57B /* SignInWithAppleButton.swift */; };
		AA8E9C0E2936704F006D3703 /* Auth.swift in Sources */ = {isa = PBXBuildFile; fileRef = AA8E9C0D2936704F006D3703 /* Auth.swift */; };
		AAB2EC75292217380084695B /* R_Card_AppApp.swift in Sources */ = {isa = PBXBuildFile; fileRef = AAB2EC74292217380084695B /* R_Card_AppApp.swift */; };
		AAB2EC77292217380084695B /* ContentView.swift in Sources */ = {isa = PBXBuildFile; fileRef = AAB2EC76292217380084695B /* ContentView.swift */; };
		AAB2EC792922173A0084695B /* Assets.xcassets in Resources */ = {isa = PBXBuildFile; fileRef = AAB2EC782922173A0084695B /* Assets.xcassets */; };
		AAB2EC7C2922173A0084695B /* Preview Assets.xcassets in Resources */ = {isa = PBXBuildFile; fileRef = AAB2EC7B2922173A0084695B /* Preview Assets.xcassets */; };
		AAB2EC86292217730084695B /* Model.swift in Sources */ = {isa = PBXBuildFile; fileRef = AAB2EC85292217730084695B /* Model.swift */; };
		AAB2EC88292217FC0084695B /* Info.swift in Sources */ = {isa = PBXBuildFile; fileRef = AAB2EC87292217FC0084695B /* Info.swift */; };
		AAB2EC8D292219C30084695B /* SettingsRowView.swift in Sources */ = {isa = PBXBuildFile; fileRef = AAB2EC8C292219C30084695B /* SettingsRowView.swift */; };
		AAB2EC8F29221A810084695B /* CardView.swift in Sources */ = {isa = PBXBuildFile; fileRef = AAB2EC8E29221A810084695B /* CardView.swift */; };
		AAB2EC9129221B340084695B /* StartButtonView.swift in Sources */ = {isa = PBXBuildFile; fileRef = AAB2EC9029221B340084695B /* StartButtonView.swift */; };
		AAB2EC9329221BE70084695B /* CardRowView.swift in Sources */ = {isa = PBXBuildFile; fileRef = AAB2EC9229221BE70084695B /* CardRowView.swift */; };
		AAB2EC9529221C5B0084695B /* CardHeaderView.swift in Sources */ = {isa = PBXBuildFile; fileRef = AAB2EC9429221C5A0084695B /* CardHeaderView.swift */; };
		AAB2EC9729221CC90084695B /* SourceLinkView.swift in Sources */ = {isa = PBXBuildFile; fileRef = AAB2EC9629221CC90084695B /* SourceLinkView.swift */; };
		AAB2EC9929221D0C0084695B /* CardNView.swift in Sources */ = {isa = PBXBuildFile; fileRef = AAB2EC9829221D0C0084695B /* CardNView.swift */; };
		AAB2EC9B29221DBF0084695B /* SettingLabelView.swift in Sources */ = {isa = PBXBuildFile; fileRef = AAB2EC9A29221DBF0084695B /* SettingLabelView.swift */; };
		AAB2EC9D29221E750084695B /* OnboardingView.swift in Sources */ = {isa = PBXBuildFile; fileRef = AAB2EC9C29221E750084695B /* OnboardingView.swift */; };
		AAB2EC9F29221F030084695B /* CardDetailView.swift in Sources */ = {isa = PBXBuildFile; fileRef = AAB2EC9E29221F030084695B /* CardDetailView.swift */; };
		AAB2ECA129221FEB0084695B /* SettingsView.swift in Sources */ = {isa = PBXBuildFile; fileRef = AAB2ECA029221FEB0084695B /* SettingsView.swift */; };
		AAB2ECA3292229020084695B /* SliderView.swift in Sources */ = {isa = PBXBuildFile; fileRef = AAB2ECA2292229020084695B /* SliderView.swift */; };
		AAB2ECA52922398C0084695B /* TextHeaderView.swift in Sources */ = {isa = PBXBuildFile; fileRef = AAB2ECA42922398C0084695B /* TextHeaderView.swift */; };
		AAB2ECAC29237AB20084695B /* Icon.swift in Sources */ = {isa = PBXBuildFile; fileRef = AAB2ECAB29237AB20084695B /* Icon.swift */; };
		AAD748222923B8320095F1A1 /* AdView.swift in Sources */ = {isa = PBXBuildFile; fileRef = AAD748212923B8320095F1A1 /* AdView.swift */; };
/* End PBXBuildFile section */

/* Begin PBXContainerItemProxy section */
		AA8CB0DC2934E0DA00AFE57B /* PBXContainerItemProxy */ = {
			isa = PBXContainerItemProxy;
			containerPortal = AA8CB0D82934E0DA00AFE57B /* AKChatBot.xcodeproj */;
			proxyType = 2;
			remoteGlobalIDString = AA057F0B2930B48300E14AE0;
			remoteInfo = AKChatBot;
		};
		AA8CB0E22934E0EE00AFE57B /* PBXContainerItemProxy */ = {
			isa = PBXContainerItemProxy;
			containerPortal = AA8CB0DE2934E0EE00AFE57B /* AZFramework.xcodeproj */;
			proxyType = 2;
			remoteGlobalIDString = AA81A15029309B5B00E65D0F;
			remoteInfo = AZFramework;
		};
		AA8CB0E82934E10000AFE57B /* PBXContainerItemProxy */ = {
			isa = PBXContainerItemProxy;
			containerPortal = AA8CB0E42934E10000AFE57B /* PinchFramework.xcodeproj */;
			proxyType = 2;
			remoteGlobalIDString = AA8CB0B22934AE8F00AFE57B;
			remoteInfo = PinchFramework;
		};
/* End PBXContainerItemProxy section */

/* Begin PBXCopyFilesBuildPhase section */
		AAF134B7292F2B6F00326159 /* Embed Frameworks */ = {
			isa = PBXCopyFilesBuildPhase;
			buildActionMask = 2147483647;
			dstPath = "";
			dstSubfolderSpec = 10;
			files = (
				AA8CB0ED2934E11500AFE57B /* PinchFramework.framework in Embed Frameworks */,
				AA8CB0EE2934E11500AFE57B /* AZFramework.framework in Embed Frameworks */,
				AA8CB0EF2934E11500AFE57B /* AKChatBot.framework in Embed Frameworks */,
			);
			name = "Embed Frameworks";
			runOnlyForDeploymentPostprocessing = 0;
		};
/* End PBXCopyFilesBuildPhase section */

/* Begin PBXFileReference section */
		AA7064E9292A30C700CF93EB /* AppView.swift */ = {isa = PBXFileReference; lastKnownFileType = sourcecode.swift; path = AppView.swift; sourceTree = "<group>"; };
		AA7064EB292A30F200CF93EB /* HomeView.swift */ = {isa = PBXFileReference; lastKnownFileType = sourcecode.swift; path = HomeView.swift; sourceTree = "<group>"; };
		AA7064F1292A364A00CF93EB /* ClientView.swift */ = {isa = PBXFileReference; lastKnownFileType = sourcecode.swift; path = ClientView.swift; sourceTree = "<group>"; };
		AA7064F7292B825B00CF93EB /* AppsCardView.swift */ = {isa = PBXFileReference; lastKnownFileType = sourcecode.swift; path = AppsCardView.swift; sourceTree = "<group>"; };
		AA7064FB292B849700CF93EB /* AppDetailView.swift */ = {isa = PBXFileReference; lastKnownFileType = sourcecode.swift; path = AppDetailView.swift; sourceTree = "<group>"; };
		AA706501292B8B9B00CF93EB /* AppHeaderView.swift */ = {isa = PBXFileReference; lastKnownFileType = sourcecode.swift; path = AppHeaderView.swift; sourceTree = "<group>"; };
		AA70652D292C886000CF93EB /* AppCardNView.swift */ = {isa = PBXFileReference; lastKnownFileType = sourcecode.swift; path = AppCardNView.swift; sourceTree = "<group>"; };
		AA724E632935E20E007E1E6A /* SignInWithAppleObject.swift */ = {isa = PBXFileReference; lastKnownFileType = sourcecode.swift; path = SignInWithAppleObject.swift; sourceTree = "<group>"; };
		AA8CB0A62934A30600AFE57B /* Authentication.swift */ = {isa = PBXFileReference; lastKnownFileType = sourcecode.swift; path = Authentication.swift; sourceTree = "<group>"; };
		AA8CB0D82934E0DA00AFE57B /* AKChatBot.xcodeproj */ = {isa = PBXFileReference; lastKnownFileType = "wrapper.pb-project"; name = AKChatBot.xcodeproj; path = ../../Desktop/AKChatBot/AKChatBot.xcodeproj; sourceTree = "<group>"; };
		AA8CB0DE2934E0EE00AFE57B /* AZFramework.xcodeproj */ = {isa = PBXFileReference; lastKnownFileType = "wrapper.pb-project"; name = AZFramework.xcodeproj; path = ../../Desktop/AZFramework/AZFramework.xcodeproj; sourceTree = "<group>"; };
		AA8CB0E42934E10000AFE57B /* PinchFramework.xcodeproj */ = {isa = PBXFileReference; lastKnownFileType = "wrapper.pb-project"; name = PinchFramework.xcodeproj; path = ../../Desktop/PinchFramework/PinchFramework.xcodeproj; sourceTree = "<group>"; };
		AA8CB1752935D3D900AFE57B /* SignInWithAppleButton.swift */ = {isa = PBXFileReference; lastKnownFileType = sourcecode.swift; path = SignInWithAppleButton.swift; sourceTree = "<group>"; };
		AA8E9C0C293605AE006D3703 /* R-Card-App-Info.plist */ = {isa = PBXFileReference; lastKnownFileType = text.plist; path = "R-Card-App-Info.plist"; sourceTree = SOURCE_ROOT; };
		AA8E9C0D2936704F006D3703 /* Auth.swift */ = {isa = PBXFileReference; lastKnownFileType = sourcecode.swift; path = Auth.swift; sourceTree = "<group>"; };
		AAB2EC71292217380084695B /* R-Card App.app */ = {isa = PBXFileReference; explicitFileType = wrapper.application; includeInIndex = 0; path = "R-Card App.app"; sourceTree = BUILT_PRODUCTS_DIR; };
		AAB2EC74292217380084695B /* R_Card_AppApp.swift */ = {isa = PBXFileReference; lastKnownFileType = sourcecode.swift; path = R_Card_AppApp.swift; sourceTree = "<group>"; };
		AAB2EC76292217380084695B /* ContentView.swift */ = {isa = PBXFileReference; lastKnownFileType = sourcecode.swift; path = ContentView.swift; sourceTree = "<group>"; };
		AAB2EC782922173A0084695B /* Assets.xcassets */ = {isa = PBXFileReference; lastKnownFileType = folder.assetcatalog; path = Assets.xcassets; sourceTree = "<group>"; };
		AAB2EC7B2922173A0084695B /* Preview Assets.xcassets */ = {isa = PBXFileReference; lastKnownFileType = folder.assetcatalog; path = "Preview Assets.xcassets"; sourceTree = "<group>"; };
		AAB2EC85292217730084695B /* Model.swift */ = {isa = PBXFileReference; lastKnownFileType = sourcecode.swift; path = Model.swift; sourceTree = "<group>"; };
		AAB2EC87292217FC0084695B /* Info.swift */ = {isa = PBXFileReference; lastKnownFileType = sourcecode.swift; path = Info.swift; sourceTree = "<group>"; };
		AAB2EC8C292219C30084695B /* SettingsRowView.swift */ = {isa = PBXFileReference; lastKnownFileType = sourcecode.swift; path = SettingsRowView.swift; sourceTree = "<group>"; };
		AAB2EC8E29221A810084695B /* CardView.swift */ = {isa = PBXFileReference; lastKnownFileType = sourcecode.swift; path = CardView.swift; sourceTree = "<group>"; };
		AAB2EC9029221B340084695B /* StartButtonView.swift */ = {isa = PBXFileReference; lastKnownFileType = sourcecode.swift; path = StartButtonView.swift; sourceTree = "<group>"; };
		AAB2EC9229221BE70084695B /* CardRowView.swift */ = {isa = PBXFileReference; lastKnownFileType = sourcecode.swift; path = CardRowView.swift; sourceTree = "<group>"; };
		AAB2EC9429221C5A0084695B /* CardHeaderView.swift */ = {isa = PBXFileReference; lastKnownFileType = sourcecode.swift; path = CardHeaderView.swift; sourceTree = "<group>"; };
		AAB2EC9629221CC90084695B /* SourceLinkView.swift */ = {isa = PBXFileReference; lastKnownFileType = sourcecode.swift; path = SourceLinkView.swift; sourceTree = "<group>"; };
		AAB2EC9829221D0C0084695B /* CardNView.swift */ = {isa = PBXFileReference; lastKnownFileType = sourcecode.swift; path = CardNView.swift; sourceTree = "<group>"; };
		AAB2EC9A29221DBF0084695B /* SettingLabelView.swift */ = {isa = PBXFileReference; lastKnownFileType = sourcecode.swift; path = SettingLabelView.swift; sourceTree = "<group>"; };
		AAB2EC9C29221E750084695B /* OnboardingView.swift */ = {isa = PBXFileReference; lastKnownFileType = sourcecode.swift; path = OnboardingView.swift; sourceTree = "<group>"; };
		AAB2EC9E29221F030084695B /* CardDetailView.swift */ = {isa = PBXFileReference; lastKnownFileType = sourcecode.swift; path = CardDetailView.swift; sourceTree = "<group>"; };
		AAB2ECA029221FEB0084695B /* SettingsView.swift */ = {isa = PBXFileReference; lastKnownFileType = sourcecode.swift; path = SettingsView.swift; sourceTree = "<group>"; };
		AAB2ECA2292229020084695B /* SliderView.swift */ = {isa = PBXFileReference; lastKnownFileType = sourcecode.swift; path = SliderView.swift; sourceTree = "<group>"; };
		AAB2ECA42922398C0084695B /* TextHeaderView.swift */ = {isa = PBXFileReference; lastKnownFileType = sourcecode.swift; path = TextHeaderView.swift; sourceTree = "<group>"; };
		AAB2ECAB29237AB20084695B /* Icon.swift */ = {isa = PBXFileReference; lastKnownFileType = sourcecode.swift; path = Icon.swift; sourceTree = "<group>"; };
		AAD748212923B8320095F1A1 /* AdView.swift */ = {isa = PBXFileReference; lastKnownFileType = sourcecode.swift; path = AdView.swift; sourceTree = "<group>"; };
/* End PBXFileReference section */

/* Begin PBXFrameworksBuildPhase section */
		AAB2EC6E292217380084695B /* Frameworks */ = {
			isa = PBXFrameworksBuildPhase;
			buildActionMask = 2147483647;
			files = (
				AA8CB0EA2934E10A00AFE57B /* AKChatBot.framework in Frameworks */,
				AA8CB0EB2934E10A00AFE57B /* AZFramework.framework in Frameworks */,
				AA8CB0EC2934E10A00AFE57B /* PinchFramework.framework in Frameworks */,
			);
			runOnlyForDeploymentPostprocessing = 0;
		};
/* End PBXFrameworksBuildPhase section */

/* Begin PBXGroup section */
		AA7064FD292B8A5600CF93EB /* AppsCardView */ = {
			isa = PBXGroup;
			children = (
				AA7064F7292B825B00CF93EB /* AppsCardView.swift */,
				AA7064FB292B849700CF93EB /* AppDetailView.swift */,
				AA70652D292C886000CF93EB /* AppCardNView.swift */,
			);
			path = AppsCardView;
			sourceTree = "<group>";
		};
		AA7064FE292B8A7A00CF93EB /* StartingView */ = {
			isa = PBXGroup;
			children = (
				AAB2EC9C29221E750084695B /* OnboardingView.swift */,
				AAB2EC8E29221A810084695B /* CardView.swift */,
				AAB2EC9029221B340084695B /* StartButtonView.swift */,
			);
			path = StartingView;
			sourceTree = "<group>";
		};
		AA7064FF292B8ACC00CF93EB /* ListAppCard */ = {
			isa = PBXGroup;
			children = (
				AAB2EC9229221BE70084695B /* CardRowView.swift */,
				AAB2EC9E29221F030084695B /* CardDetailView.swift */,
				AAB2EC9429221C5A0084695B /* CardHeaderView.swift */,
				AAB2EC9629221CC90084695B /* SourceLinkView.swift */,
				AAB2EC9829221D0C0084695B /* CardNView.swift */,
			);
			path = ListAppCard;
			sourceTree = "<group>";
		};
		AA706500292B8B0300CF93EB /* SettingsView */ = {
			isa = PBXGroup;
			children = (
				AAB2ECA029221FEB0084695B /* SettingsView.swift */,
				AAB2EC8C292219C30084695B /* SettingsRowView.swift */,
				AAB2EC9A29221DBF0084695B /* SettingLabelView.swift */,
			);
			path = SettingsView;
			sourceTree = "<group>";
		};
		AA81A16829309CBC00E65D0F /* Frameworks */ = {
			isa = PBXGroup;
			children = (
			);
			name = Frameworks;
			sourceTree = "<group>";
		};
		AA8CB0D92934E0DA00AFE57B /* Products */ = {
			isa = PBXGroup;
			children = (
				AA8CB0DD2934E0DA00AFE57B /* AKChatBot.framework */,
			);
			name = Products;
			sourceTree = "<group>";
		};
		AA8CB0DF2934E0EE00AFE57B /* Products */ = {
			isa = PBXGroup;
			children = (
				AA8CB0E32934E0EE00AFE57B /* AZFramework.framework */,
			);
			name = Products;
			sourceTree = "<group>";
		};
		AA8CB0E52934E10000AFE57B /* Products */ = {
			isa = PBXGroup;
			children = (
				AA8CB0E92934E10000AFE57B /* PinchFramework.framework */,
			);
			name = Products;
			sourceTree = "<group>";
		};
		AAB2EC68292217380084695B = {
			isa = PBXGroup;
			children = (
				AA8CB0E42934E10000AFE57B /* PinchFramework.xcodeproj */,
				AA8CB0DE2934E0EE00AFE57B /* AZFramework.xcodeproj */,
				AA8CB0D82934E0DA00AFE57B /* AKChatBot.xcodeproj */,
				AAB2EC73292217380084695B /* R-Card App */,
				AAB2EC72292217380084695B /* Products */,
				AA81A16829309CBC00E65D0F /* Frameworks */,
			);
			sourceTree = "<group>";
		};
		AAB2EC72292217380084695B /* Products */ = {
			isa = PBXGroup;
			children = (
				AAB2EC71292217380084695B /* R-Card App.app */,
			);
			name = Products;
			sourceTree = "<group>";
		};
		AAB2EC73292217380084695B /* R-Card App */ = {
			isa = PBXGroup;
			children = (
				AA8E9C0C293605AE006D3703 /* R-Card-App-Info.plist */,
				AAB2ECAA29237A920084695B /* Extensions */,
				AAB2EC89292219130084695B /* App */,
				AAB2EC84292217650084695B /* View */,
				AAB2EC832922175F0084695B /* ViewModel */,
				AAB2EC82292217570084695B /* Model */,
				AAB2EC782922173A0084695B /* Assets.xcassets */,
				AAB2EC7A2922173A0084695B /* Preview Content */,
				AA8CB0A62934A30600AFE57B /* Authentication.swift */,
				AA8E9C0D2936704F006D3703 /* Auth.swift */,
				AA8CB1752935D3D900AFE57B /* SignInWithAppleButton.swift */,
				AA724E632935E20E007E1E6A /* SignInWithAppleObject.swift */,
			);
			path = "R-Card App";
			sourceTree = "<group>";
		};
		AAB2EC7A2922173A0084695B /* Preview Content */ = {
			isa = PBXGroup;
			children = (
				AAB2EC7B2922173A0084695B /* Preview Assets.xcassets */,
			);
			path = "Preview Content";
			sourceTree = "<group>";
		};
		AAB2EC82292217570084695B /* Model */ = {
			isa = PBXGroup;
			children = (
				AAB2EC85292217730084695B /* Model.swift */,
			);
			path = Model;
			sourceTree = "<group>";
		};
		AAB2EC832922175F0084695B /* ViewModel */ = {
			isa = PBXGroup;
			children = (
				AAB2EC87292217FC0084695B /* Info.swift */,
			);
			path = ViewModel;
			sourceTree = "<group>";
		};
		AAB2EC84292217650084695B /* View */ = {
			isa = PBXGroup;
			children = (
				AA706500292B8B0300CF93EB /* SettingsView */,
				AA7064FF292B8ACC00CF93EB /* ListAppCard */,
				AA7064FE292B8A7A00CF93EB /* StartingView */,
				AA7064FD292B8A5600CF93EB /* AppsCardView */,
				AA7064F1292A364A00CF93EB /* ClientView.swift */,
				AA706501292B8B9B00CF93EB /* AppHeaderView.swift */,
			);
			path = View;
			sourceTree = "<group>";
		};
		AAB2EC89292219130084695B /* App */ = {
			isa = PBXGroup;
			children = (
				AAB2EC74292217380084695B /* R_Card_AppApp.swift */,
				AA7064E9292A30C700CF93EB /* AppView.swift */,
				AA7064EB292A30F200CF93EB /* HomeView.swift */,
				AAB2EC76292217380084695B /* ContentView.swift */,
			);
			path = App;
			sourceTree = "<group>";
		};
		AAB2ECAA29237A920084695B /* Extensions */ = {
			isa = PBXGroup;
			children = (
				AAB2ECA42922398C0084695B /* TextHeaderView.swift */,
				AAD748212923B8320095F1A1 /* AdView.swift */,
				AAB2ECAB29237AB20084695B /* Icon.swift */,
				AAB2ECA2292229020084695B /* SliderView.swift */,
			);
			path = Extensions;
			sourceTree = "<group>";
		};
/* End PBXGroup section */

/* Begin PBXNativeTarget section */
		AAB2EC70292217380084695B /* R-Card App */ = {
			isa = PBXNativeTarget;
			buildConfigurationList = AAB2EC7F2922173A0084695B /* Build configuration list for PBXNativeTarget "R-Card App" */;
			buildPhases = (
				AAB2EC6D292217380084695B /* Sources */,
				AAB2EC6E292217380084695B /* Frameworks */,
				AAB2EC6F292217380084695B /* Resources */,
				AAF134B7292F2B6F00326159 /* Embed Frameworks */,
			);
			buildRules = (
			);
			dependencies = (
			);
			name = "R-Card App";
			productName = "R-Card App";
			productReference = AAB2EC71292217380084695B /* R-Card App.app */;
			productType = "com.apple.product-type.application";
		};
/* End PBXNativeTarget section */

/* Begin PBXProject section */
		AAB2EC69292217380084695B /* Project object */ = {
			isa = PBXProject;
			attributes = {
				BuildIndependentTargetsInParallel = 1;
				LastSwiftUpdateCheck = 1340;
				LastUpgradeCheck = 1340;
				TargetAttributes = {
					AAB2EC70292217380084695B = {
						CreatedOnToolsVersion = 13.4.1;
					};
				};
			};
			buildConfigurationList = AAB2EC6C292217380084695B /* Build configuration list for PBXProject "R-Card App" */;
			compatibilityVersion = "Xcode 13.0";
			developmentRegion = en;
			hasScannedForEncodings = 0;
			knownRegions = (
				en,
				Base,
			);
			mainGroup = AAB2EC68292217380084695B;
			productRefGroup = AAB2EC72292217380084695B /* Products */;
			projectDirPath = "";
			projectReferences = (
				{
					ProductGroup = AA8CB0D92934E0DA00AFE57B /* Products */;
					ProjectRef = AA8CB0D82934E0DA00AFE57B /* AKChatBot.xcodeproj */;
				},
				{
					ProductGroup = AA8CB0DF2934E0EE00AFE57B /* Products */;
					ProjectRef = AA8CB0DE2934E0EE00AFE57B /* AZFramework.xcodeproj */;
				},
				{
					ProductGroup = AA8CB0E52934E10000AFE57B /* Products */;
					ProjectRef = AA8CB0E42934E10000AFE57B /* PinchFramework.xcodeproj */;
				},
			);
			projectRoot = "";
			targets = (
				AAB2EC70292217380084695B /* R-Card App */,
			);
		};
/* End PBXProject section */

/* Begin PBXReferenceProxy section */
		AA8CB0DD2934E0DA00AFE57B /* AKChatBot.framework */ = {
			isa = PBXReferenceProxy;
			fileType = wrapper.framework;
			path = AKChatBot.framework;
			remoteRef = AA8CB0DC2934E0DA00AFE57B /* PBXContainerItemProxy */;
			sourceTree = BUILT_PRODUCTS_DIR;
		};
		AA8CB0E32934E0EE00AFE57B /* AZFramework.framework */ = {
			isa = PBXReferenceProxy;
			fileType = wrapper.framework;
			path = AZFramework.framework;
			remoteRef = AA8CB0E22934E0EE00AFE57B /* PBXContainerItemProxy */;
			sourceTree = BUILT_PRODUCTS_DIR;
		};
		AA8CB0E92934E10000AFE57B /* PinchFramework.framework */ = {
			isa = PBXReferenceProxy;
			fileType = wrapper.framework;
			path = PinchFramework.framework;
			remoteRef = AA8CB0E82934E10000AFE57B /* PBXContainerItemProxy */;
			sourceTree = BUILT_PRODUCTS_DIR;
		};
/* End PBXReferenceProxy section */

/* Begin PBXResourcesBuildPhase section */
		AAB2EC6F292217380084695B /* Resources */ = {
			isa = PBXResourcesBuildPhase;
			buildActionMask = 2147483647;
			files = (
				AAB2EC7C2922173A0084695B /* Preview Assets.xcassets in Resources */,
				AAB2EC792922173A0084695B /* Assets.xcassets in Resources */,
			);
			runOnlyForDeploymentPostprocessing = 0;
		};
/* End PBXResourcesBuildPhase section */

/* Begin PBXSourcesBuildPhase section */
		AAB2EC6D292217380084695B /* Sources */ = {
			isa = PBXSourcesBuildPhase;
			buildActionMask = 2147483647;
			files = (
				AAB2ECA129221FEB0084695B /* SettingsView.swift in Sources */,
				AA7064EC292A30F200CF93EB /* HomeView.swift in Sources */,
				AAB2EC9129221B340084695B /* StartButtonView.swift in Sources */,
				AAB2EC9729221CC90084695B /* SourceLinkView.swift in Sources */,
				AA7064F2292A364A00CF93EB /* ClientView.swift in Sources */,
				AA8E9C0E2936704F006D3703 /* Auth.swift in Sources */,
				AAD748222923B8320095F1A1 /* AdView.swift in Sources */,
				AAB2EC9B29221DBF0084695B /* SettingLabelView.swift in Sources */,
				AAB2EC9329221BE70084695B /* CardRowView.swift in Sources */,
				AAB2EC86292217730084695B /* Model.swift in Sources */,
				AA7064FC292B849700CF93EB /* AppDetailView.swift in Sources */,
				AAB2EC88292217FC0084695B /* Info.swift in Sources */,
				AAB2ECA52922398C0084695B /* TextHeaderView.swift in Sources */,
				AA8CB1792935D91200AFE57B /* SignInWithAppleButton.swift in Sources */,
				AA706502292B8B9B00CF93EB /* AppHeaderView.swift in Sources */,
				AAB2EC8D292219C30084695B /* SettingsRowView.swift in Sources */,
				AAB2EC9529221C5B0084695B /* CardHeaderView.swift in Sources */,
				AAB2ECA3292229020084695B /* SliderView.swift in Sources */,
				AA7064F8292B825B00CF93EB /* AppsCardView.swift in Sources */,
				AAB2EC77292217380084695B /* ContentView.swift in Sources */,
				AAB2EC8F29221A810084695B /* CardView.swift in Sources */,
				AAB2EC9929221D0C0084695B /* CardNView.swift in Sources */,
				AA7064EA292A30C700CF93EB /* AppView.swift in Sources */,
				AAB2EC9D29221E750084695B /* OnboardingView.swift in Sources */,
				AAB2EC75292217380084695B /* R_Card_AppApp.swift in Sources */,
				AA70652E292C886000CF93EB /* AppCardNView.swift in Sources */,
				AAB2ECAC29237AB20084695B /* Icon.swift in Sources */,
				AAB2EC9F29221F030084695B /* CardDetailView.swift in Sources */,
				AA8CB0A72934A30600AFE57B /* Authentication.swift in Sources */,
				AA724E642935E20E007E1E6A /* SignInWithAppleObject.swift in Sources */,
			);
			runOnlyForDeploymentPostprocessing = 0;
		};
/* End PBXSourcesBuildPhase section */

/* Begin XCBuildConfiguration section */
		AAB2EC7D2922173A0084695B /* Debug */ = {
			isa = XCBuildConfiguration;
			buildSettings = {
				ALWAYS_SEARCH_USER_PATHS = NO;
				CLANG_ANALYZER_NONNULL = YES;
				CLANG_ANALYZER_NUMBER_OBJECT_CONVERSION = YES_AGGRESSIVE;
				CLANG_CXX_LANGUAGE_STANDARD = "gnu++17";
				CLANG_ENABLE_MODULES = YES;
				CLANG_ENABLE_OBJC_ARC = YES;
				CLANG_ENABLE_OBJC_WEAK = YES;
				CLANG_WARN_BLOCK_CAPTURE_AUTORELEASING = YES;
				CLANG_WARN_BOOL_CONVERSION = YES;
				CLANG_WARN_COMMA = YES;
				CLANG_WARN_CONSTANT_CONVERSION = YES;
				CLANG_WARN_DEPRECATED_OBJC_IMPLEMENTATIONS = YES;
				CLANG_WARN_DIRECT_OBJC_ISA_USAGE = YES_ERROR;
				CLANG_WARN_DOCUMENTATION_COMMENTS = YES;
				CLANG_WARN_EMPTY_BODY = YES;
				CLANG_WARN_ENUM_CONVERSION = YES;
				CLANG_WARN_INFINITE_RECURSION = YES;
				CLANG_WARN_INT_CONVERSION = YES;
				CLANG_WARN_NON_LITERAL_NULL_CONVERSION = YES;
				CLANG_WARN_OBJC_IMPLICIT_RETAIN_SELF = YES;
				CLANG_WARN_OBJC_LITERAL_CONVERSION = YES;
				CLANG_WARN_OBJC_ROOT_CLASS = YES_ERROR;
				CLANG_WARN_QUOTED_INCLUDE_IN_FRAMEWORK_HEADER = YES;
				CLANG_WARN_RANGE_LOOP_ANALYSIS = YES;
				CLANG_WARN_STRICT_PROTOTYPES = YES;
				CLANG_WARN_SUSPICIOUS_MOVE = YES;
				CLANG_WARN_UNGUARDED_AVAILABILITY = YES_AGGRESSIVE;
				CLANG_WARN_UNREACHABLE_CODE = YES;
				CLANG_WARN__DUPLICATE_METHOD_MATCH = YES;
				COPY_PHASE_STRIP = NO;
				DEBUG_INFORMATION_FORMAT = dwarf;
				ENABLE_STRICT_OBJC_MSGSEND = YES;
				ENABLE_TESTABILITY = YES;
				GCC_C_LANGUAGE_STANDARD = gnu11;
				GCC_DYNAMIC_NO_PIC = NO;
				GCC_NO_COMMON_BLOCKS = YES;
				GCC_OPTIMIZATION_LEVEL = 0;
				GCC_PREPROCESSOR_DEFINITIONS = (
					"DEBUG=1",
					"$(inherited)",
				);
				GCC_WARN_64_TO_32_BIT_CONVERSION = YES;
				GCC_WARN_ABOUT_RETURN_TYPE = YES_ERROR;
				GCC_WARN_UNDECLARED_SELECTOR = YES;
				GCC_WARN_UNINITIALIZED_AUTOS = YES_AGGRESSIVE;
				GCC_WARN_UNUSED_FUNCTION = YES;
				GCC_WARN_UNUSED_VARIABLE = YES;
				IPHONEOS_DEPLOYMENT_TARGET = 15.5;
				MTL_ENABLE_DEBUG_INFO = INCLUDE_SOURCE;
				MTL_FAST_MATH = YES;
				ONLY_ACTIVE_ARCH = YES;
				SDKROOT = iphoneos;
				SWIFT_ACTIVE_COMPILATION_CONDITIONS = DEBUG;
				SWIFT_OPTIMIZATION_LEVEL = "-Onone";
			};
			name = Debug;
		};
		AAB2EC7E2922173A0084695B /* Release */ = {
			isa = XCBuildConfiguration;
			buildSettings = {
				ALWAYS_SEARCH_USER_PATHS = NO;
				CLANG_ANALYZER_NONNULL = YES;
				CLANG_ANALYZER_NUMBER_OBJECT_CONVERSION = YES_AGGRESSIVE;
				CLANG_CXX_LANGUAGE_STANDARD = "gnu++17";
				CLANG_ENABLE_MODULES = YES;
				CLANG_ENABLE_OBJC_ARC = YES;
				CLANG_ENABLE_OBJC_WEAK = YES;
				CLANG_WARN_BLOCK_CAPTURE_AUTORELEASING = YES;
				CLANG_WARN_BOOL_CONVERSION = YES;
				CLANG_WARN_COMMA = YES;
				CLANG_WARN_CONSTANT_CONVERSION = YES;
				CLANG_WARN_DEPRECATED_OBJC_IMPLEMENTATIONS = YES;
				CLANG_WARN_DIRECT_OBJC_ISA_USAGE = YES_ERROR;
				CLANG_WARN_DOCUMENTATION_COMMENTS = YES;
				CLANG_WARN_EMPTY_BODY = YES;
				CLANG_WARN_ENUM_CONVERSION = YES;
				CLANG_WARN_INFINITE_RECURSION = YES;
				CLANG_WARN_INT_CONVERSION = YES;
				CLANG_WARN_NON_LITERAL_NULL_CONVERSION = YES;
				CLANG_WARN_OBJC_IMPLICIT_RETAIN_SELF = YES;
				CLANG_WARN_OBJC_LITERAL_CONVERSION = YES;
				CLANG_WARN_OBJC_ROOT_CLASS = YES_ERROR;
				CLANG_WARN_QUOTED_INCLUDE_IN_FRAMEWORK_HEADER = YES;
				CLANG_WARN_RANGE_LOOP_ANALYSIS = YES;
				CLANG_WARN_STRICT_PROTOTYPES = YES;
				CLANG_WARN_SUSPICIOUS_MOVE = YES;
				CLANG_WARN_UNGUARDED_AVAILABILITY = YES_AGGRESSIVE;
				CLANG_WARN_UNREACHABLE_CODE = YES;
				CLANG_WARN__DUPLICATE_METHOD_MATCH = YES;
				COPY_PHASE_STRIP = NO;
				DEBUG_INFORMATION_FORMAT = "dwarf-with-dsym";
				ENABLE_NS_ASSERTIONS = NO;
				ENABLE_STRICT_OBJC_MSGSEND = YES;
				GCC_C_LANGUAGE_STANDARD = gnu11;
				GCC_NO_COMMON_BLOCKS = YES;
				GCC_WARN_64_TO_32_BIT_CONVERSION = YES;
				GCC_WARN_ABOUT_RETURN_TYPE = YES_ERROR;
				GCC_WARN_UNDECLARED_SELECTOR = YES;
				GCC_WARN_UNINITIALIZED_AUTOS = YES_AGGRESSIVE;
				GCC_WARN_UNUSED_FUNCTION = YES;
				GCC_WARN_UNUSED_VARIABLE = YES;
				IPHONEOS_DEPLOYMENT_TARGET = 15.5;
				MTL_ENABLE_DEBUG_INFO = NO;
				MTL_FAST_MATH = YES;
				SDKROOT = iphoneos;
				SWIFT_COMPILATION_MODE = wholemodule;
				SWIFT_OPTIMIZATION_LEVEL = "-O";
				VALIDATE_PRODUCT = YES;
			};
			name = Release;
		};
		AAB2EC802922173A0084695B /* Debug */ = {
			isa = XCBuildConfiguration;
			buildSettings = {
				ASSETCATALOG_COMPILER_APPICON_NAME = AppIcon;
				ASSETCATALOG_COMPILER_GLOBAL_ACCENT_COLOR_NAME = AccentColor;
				CODE_SIGN_STYLE = Automatic;
				CURRENT_PROJECT_VERSION = 1;
				DEVELOPMENT_ASSET_PATHS = "\"R-Card App/Preview Content\"";
				DEVELOPMENT_TEAM = A7R478R294;
				ENABLE_PREVIEWS = YES;
				GENERATE_INFOPLIST_FILE = YES;
				INFOPLIST_FILE = "R-Card-App-Info.plist";
				INFOPLIST_KEY_NSFaceIDUsageDescription = "We need to unlock your data";
				INFOPLIST_KEY_UIApplicationSceneManifest_Generation = YES;
				INFOPLIST_KEY_UIApplicationSupportsIndirectInputEvents = YES;
				INFOPLIST_KEY_UILaunchScreen_Generation = YES;
				INFOPLIST_KEY_UISupportedInterfaceOrientations_iPad = "UIInterfaceOrientationPortrait UIInterfaceOrientationPortraitUpsideDown UIInterfaceOrientationLandscapeLeft UIInterfaceOrientationLandscapeRight";
				INFOPLIST_KEY_UISupportedInterfaceOrientations_iPhone = "UIInterfaceOrientationPortrait UIInterfaceOrientationLandscapeLeft UIInterfaceOrientationLandscapeRight";
				IPHONEOS_DEPLOYMENT_TARGET = 16.1;
				LD_RUNPATH_SEARCH_PATHS = (
					"$(inherited)",
					"@executable_path/Frameworks",
				);
				MARKETING_VERSION = 1.0;
				PRODUCT_BUNDLE_IDENTIFIER = "akash.R-Card-App";
				PRODUCT_NAME = "$(TARGET_NAME)";
				SWIFT_EMIT_LOC_STRINGS = YES;
				SWIFT_VERSION = 5.0;
				TARGETED_DEVICE_FAMILY = "1,2";
			};
			name = Debug;
		};
		AAB2EC812922173A0084695B /* Release */ = {
			isa = XCBuildConfiguration;
			buildSettings = {
				ASSETCATALOG_COMPILER_APPICON_NAME = AppIcon;
				ASSETCATALOG_COMPILER_GLOBAL_ACCENT_COLOR_NAME = AccentColor;
				CODE_SIGN_STYLE = Automatic;
				CURRENT_PROJECT_VERSION = 1;
				DEVELOPMENT_ASSET_PATHS = "\"R-Card App/Preview Content\"";
				DEVELOPMENT_TEAM = A7R478R294;
				ENABLE_PREVIEWS = YES;
				GENERATE_INFOPLIST_FILE = YES;
				INFOPLIST_FILE = "R-Card-App-Info.plist";
				INFOPLIST_KEY_NSFaceIDUsageDescription = "We need to unlock your data";
				INFOPLIST_KEY_UIApplicationSceneManifest_Generation = YES;
				INFOPLIST_KEY_UIApplicationSupportsIndirectInputEvents = YES;
				INFOPLIST_KEY_UILaunchScreen_Generation = YES;
				INFOPLIST_KEY_UISupportedInterfaceOrientations_iPad = "UIInterfaceOrientationPortrait UIInterfaceOrientationPortraitUpsideDown UIInterfaceOrientationLandscapeLeft UIInterfaceOrientationLandscapeRight";
				INFOPLIST_KEY_UISupportedInterfaceOrientations_iPhone = "UIInterfaceOrientationPortrait UIInterfaceOrientationLandscapeLeft UIInterfaceOrientationLandscapeRight";
				IPHONEOS_DEPLOYMENT_TARGET = 16.1;
				LD_RUNPATH_SEARCH_PATHS = (
					"$(inherited)",
					"@executable_path/Frameworks",
				);
				MARKETING_VERSION = 1.0;
				PRODUCT_BUNDLE_IDENTIFIER = "akash.R-Card-App";
				PRODUCT_NAME = "$(TARGET_NAME)";
				SWIFT_EMIT_LOC_STRINGS = YES;
				SWIFT_VERSION = 5.0;
				TARGETED_DEVICE_FAMILY = "1,2";
			};
			name = Release;
		};
/* End XCBuildConfiguration section */

/* Begin XCConfigurationList section */
		AAB2EC6C292217380084695B /* Build configuration list for PBXProject "R-Card App" */ = {
			isa = XCConfigurationList;
			buildConfigurations = (
				AAB2EC7D2922173A0084695B /* Debug */,
				AAB2EC7E2922173A0084695B /* Release */,
			);
			defaultConfigurationIsVisible = 0;
			defaultConfigurationName = Release;
		};
		AAB2EC7F2922173A0084695B /* Build configuration list for PBXNativeTarget "R-Card App" */ = {
			isa = XCConfigurationList;
			buildConfigurations = (
				AAB2EC802922173A0084695B /* Debug */,
				AAB2EC812922173A0084695B /* Release */,
			);
			defaultConfigurationIsVisible = 0;
			defaultConfigurationName = Release;
		};
/* End XCConfigurationList section */
	};
	rootObject = AAB2EC69292217380084695B /* Project object */;
}
