// !$*UTF8*$!
{
	archiveVersion = 1;
	classes = {
	};
	objectVersion = 55;
	objects = {

/* Begin PBXBuildFile section */
		AAB2EC75292217380084695B /* R_Card_AppApp.swift in Sources */ = {isa = PBXBuildFile; fileRef = AAB2EC74292217380084695B /* R_Card_AppApp.swift */; };
		AAB2EC77292217380084695B /* ContentView.swift in Sources */ = {isa = PBXBuildFile; fileRef = AAB2EC76292217380084695B /* ContentView.swift */; };
		AAB2EC792922173A0084695B /* Assets.xcassets in Resources */ = {isa = PBXBuildFile; fileRef = AAB2EC782922173A0084695B /* Assets.xcassets */; };
		AAB2EC7C2922173A0084695B /* Preview Assets.xcassets in Resources */ = {isa = PBXBuildFile; fileRef = AAB2EC7B2922173A0084695B /* Preview Assets.xcassets */; };
		AAB2EC86292217730084695B /* Model.swift in Sources */ = {isa = PBXBuildFile; fileRef = AAB2EC85292217730084695B /* Model.swift */; };
		AAB2EC88292217FC0084695B /* Info.swift in Sources */ = {isa = PBXBuildFile; fileRef = AAB2EC87292217FC0084695B /* Info.swift */; };
		AAB2EC8D292219C30084695B /* SettingsRowView.swift in Sources */ = {isa = PBXBuildFile; fileRef = AAB2EC8C292219C30084695B /* SettingsRowView.swift */; };
		AAB2EC8F29221A810084695B /* CardView.swift in Sources */ = {isa = PBXBuildFile; fileRef = AAB2EC8E29221A810084695B /* CardView.swift */; };
		AAB2EC9129221B340084695B /* StartButtonView.swift in Sources */ = {isa = PBXBuildFile; fileRef = AAB2EC9029221B340084695B /* StartButtonView.swift */; };
		AAB2EC9329221BE70084695B /* CardRowView.swift in Sources */ = {isa = PBXBuildFile; fileRef = AAB2EC9229221BE70084695B /* CardRowView.swift */; };
		AAB2EC9529221C5B0084695B /* CardHeaderView.swift in Sources */ = {isa = PBXBuildFile; fileRef = AAB2EC9429221C5A0084695B /* CardHeaderView.swift */; };
		AAB2EC9729221CC90084695B /* SourceLinkView.swift in Sources */ = {isa = PBXBuildFile; fileRef = AAB2EC9629221CC90084695B /* SourceLinkView.swift */; };
		AAB2EC9929221D0C0084695B /* CardNView.swift in Sources */ = {isa = PBXBuildFile; fileRef = AAB2EC9829221D0C0084695B /* CardNView.swift */; };
		AAB2EC9B29221DBF0084695B /* SettingLabelView.swift in Sources */ = {isa = PBXBuildFile; fileRef = AAB2EC9A29221DBF0084695B /* SettingLabelView.swift */; };
		AAB2EC9D29221E750084695B /* OnboardingView.swift in Sources */ = {isa = PBXBuildFile; fileRef = AAB2EC9C29221E750084695B /* OnboardingView.swift */; };
		AAB2EC9F29221F030084695B /* CardDetailView.swift in Sources */ = {isa = PBXBuildFile; fileRef = AAB2EC9E29221F030084695B /* CardDetailView.swift */; };
		AAB2ECA129221FEB0084695B /* SettingsView.swift in Sources */ = {isa = PBXBuildFile; fileRef = AAB2ECA029221FEB0084695B /* SettingsView.swift */; };
		AAB2ECA3292229020084695B /* SliderView.swift in Sources */ = {isa = PBXBuildFile; fileRef = AAB2ECA2292229020084695B /* SliderView.swift */; };
		AAB2ECA52922398C0084695B /* TextHeaderView.swift in Sources */ = {isa = PBXBuildFile; fileRef = AAB2ECA42922398C0084695B /* TextHeaderView.swift */; };
		AAB2ECA7292239B70084695B /* Font.swift in Sources */ = {isa = PBXBuildFile; fileRef = AAB2ECA6292239B70084695B /* Font.swift */; };
/* End PBXBuildFile section */

/* Begin PBXFileReference section */
		AAB2EC71292217380084695B /* R-Card App.app */ = {isa = PBXFileReference; explicitFileType = wrapper.application; includeInIndex = 0; path = "R-Card App.app"; sourceTree = BUILT_PRODUCTS_DIR; };
		AAB2EC74292217380084695B /* R_Card_AppApp.swift */ = {isa = PBXFileReference; lastKnownFileType = sourcecode.swift; path = R_Card_AppApp.swift; sourceTree = "<group>"; };
		AAB2EC76292217380084695B /* ContentView.swift */ = {isa = PBXFileReference; lastKnownFileType = sourcecode.swift; path = ContentView.swift; sourceTree = "<group>"; };
		AAB2EC782922173A0084695B /* Assets.xcassets */ = {isa = PBXFileReference; lastKnownFileType = folder.assetcatalog; path = Assets.xcassets; sourceTree = "<group>"; };
		AAB2EC7B2922173A0084695B /* Preview Assets.xcassets */ = {isa = PBXFileReference; lastKnownFileType = folder.assetcatalog; path = "Preview Assets.xcassets"; sourceTree = "<group>"; };
		AAB2EC85292217730084695B /* Model.swift */ = {isa = PBXFileReference; lastKnownFileType = sourcecode.swift; path = Model.swift; sourceTree = "<group>"; };
		AAB2EC87292217FC0084695B /* Info.swift */ = {isa = PBXFileReference; lastKnownFileType = sourcecode.swift; path = Info.swift; sourceTree = "<group>"; };
		AAB2EC8C292219C30084695B /* SettingsRowView.swift */ = {isa = PBXFileReference; lastKnownFileType = sourcecode.swift; path = SettingsRowView.swift; sourceTree = "<group>"; };
		AAB2EC8E29221A810084695B /* CardView.swift */ = {isa = PBXFileReference; lastKnownFileType = sourcecode.swift; path = CardView.swift; sourceTree = "<group>"; };
		AAB2EC9029221B340084695B /* StartButtonView.swift */ = {isa = PBXFileReference; lastKnownFileType = sourcecode.swift; path = StartButtonView.swift; sourceTree = "<group>"; };
		AAB2EC9229221BE70084695B /* CardRowView.swift */ = {isa = PBXFileReference; lastKnownFileType = sourcecode.swift; path = CardRowView.swift; sourceTree = "<group>"; };
		AAB2EC9429221C5A0084695B /* CardHeaderView.swift */ = {isa = PBXFileReference; lastKnownFileType = sourcecode.swift; path = CardHeaderView.swift; sourceTree = "<group>"; };
		AAB2EC9629221CC90084695B /* SourceLinkView.swift */ = {isa = PBXFileReference; lastKnownFileType = sourcecode.swift; path = SourceLinkView.swift; sourceTree = "<group>"; };
		AAB2EC9829221D0C0084695B /* CardNView.swift */ = {isa = PBXFileReference; lastKnownFileType = sourcecode.swift; path = CardNView.swift; sourceTree = "<group>"; };
		AAB2EC9A29221DBF0084695B /* SettingLabelView.swift */ = {isa = PBXFileReference; lastKnownFileType = sourcecode.swift; path = SettingLabelView.swift; sourceTree = "<group>"; };
		AAB2EC9C29221E750084695B /* OnboardingView.swift */ = {isa = PBXFileReference; lastKnownFileType = sourcecode.swift; path = OnboardingView.swift; sourceTree = "<group>"; };
		AAB2EC9E29221F030084695B /* CardDetailView.swift */ = {isa = PBXFileReference; lastKnownFileType = sourcecode.swift; path = CardDetailView.swift; sourceTree = "<group>"; };
		AAB2ECA029221FEB0084695B /* SettingsView.swift */ = {isa = PBXFileReference; lastKnownFileType = sourcecode.swift; path = SettingsView.swift; sourceTree = "<group>"; };
		AAB2ECA2292229020084695B /* SliderView.swift */ = {isa = PBXFileReference; lastKnownFileType = sourcecode.swift; path = SliderView.swift; sourceTree = "<group>"; };
		AAB2ECA42922398C0084695B /* TextHeaderView.swift */ = {isa = PBXFileReference; lastKnownFileType = sourcecode.swift; path = TextHeaderView.swift; sourceTree = "<group>"; };
		AAB2ECA6292239B70084695B /* Font.swift */ = {isa = PBXFileReference; lastKnownFileType = sourcecode.swift; path = Font.swift; sourceTree = "<group>"; };
/* End PBXFileReference section */

/* Begin PBXFrameworksBuildPhase section */
		AAB2EC6E292217380084695B /* Frameworks */ = {
			isa = PBXFrameworksBuildPhase;
			buildActionMask = 2147483647;
			files = (
			);
			runOnlyForDeploymentPostprocessing = 0;
		};
/* End PBXFrameworksBuildPhase section */

/* Begin PBXGroup section */
		AAB2EC68292217380084695B = {
			isa = PBXGroup;
			children = (
				AAB2EC73292217380084695B /* R-Card App */,
				AAB2EC72292217380084695B /* Products */,
			);
			sourceTree = "<group>";
		};
		AAB2EC72292217380084695B /* Products */ = {
			isa = PBXGroup;
			children = (
				AAB2EC71292217380084695B /* R-Card App.app */,
			);
			name = Products;
			sourceTree = "<group>";
		};
		AAB2EC73292217380084695B /* R-Card App */ = {
			isa = PBXGroup;
			children = (
				AAB2EC89292219130084695B /* App */,
				AAB2EC84292217650084695B /* View */,
				AAB2EC832922175F0084695B /* ViewModel */,
				AAB2EC82292217570084695B /* Model */,
				AAB2EC782922173A0084695B /* Assets.xcassets */,
				AAB2EC7A2922173A0084695B /* Preview Content */,
				AAB2ECA42922398C0084695B /* TextHeaderView.swift */,
				AAB2ECA6292239B70084695B /* Font.swift */,
			);
			path = "R-Card App";
			sourceTree = "<group>";
		};
		AAB2EC7A2922173A0084695B /* Preview Content */ = {
			isa = PBXGroup;
			children = (
				AAB2EC7B2922173A0084695B /* Preview Assets.xcassets */,
			);
			path = "Preview Content";
			sourceTree = "<group>";
		};
		AAB2EC82292217570084695B /* Model */ = {
			isa = PBXGroup;
			children = (
				AAB2EC85292217730084695B /* Model.swift */,
			);
			path = Model;
			sourceTree = "<group>";
		};
		AAB2EC832922175F0084695B /* ViewModel */ = {
			isa = PBXGroup;
			children = (
				AAB2EC87292217FC0084695B /* Info.swift */,
			);
			path = ViewModel;
			sourceTree = "<group>";
		};
		AAB2EC84292217650084695B /* View */ = {
			isa = PBXGroup;
			children = (
				AAB2EC8C292219C30084695B /* SettingsRowView.swift */,
				AAB2EC8E29221A810084695B /* CardView.swift */,
				AAB2EC9029221B340084695B /* StartButtonView.swift */,
				AAB2EC9229221BE70084695B /* CardRowView.swift */,
				AAB2EC9429221C5A0084695B /* CardHeaderView.swift */,
				AAB2EC9629221CC90084695B /* SourceLinkView.swift */,
				AAB2EC9829221D0C0084695B /* CardNView.swift */,
				AAB2EC9A29221DBF0084695B /* SettingLabelView.swift */,
				AAB2ECA2292229020084695B /* SliderView.swift */,
			);
			path = View;
			sourceTree = "<group>";
		};
		AAB2EC89292219130084695B /* App */ = {
			isa = PBXGroup;
			children = (
				AAB2EC74292217380084695B /* R_Card_AppApp.swift */,
				AAB2EC76292217380084695B /* ContentView.swift */,
				AAB2EC9C29221E750084695B /* OnboardingView.swift */,
				AAB2EC9E29221F030084695B /* CardDetailView.swift */,
				AAB2ECA029221FEB0084695B /* SettingsView.swift */,
			);
			path = App;
			sourceTree = "<group>";
		};
/* End PBXGroup section */

/* Begin PBXNativeTarget section */
		AAB2EC70292217380084695B /* R-Card App */ = {
			isa = PBXNativeTarget;
			buildConfigurationList = AAB2EC7F2922173A0084695B /* Build configuration list for PBXNativeTarget "R-Card App" */;
			buildPhases = (
				AAB2EC6D292217380084695B /* Sources */,
				AAB2EC6E292217380084695B /* Frameworks */,
				AAB2EC6F292217380084695B /* Resources */,
			);
			buildRules = (
			);
			dependencies = (
			);
			name = "R-Card App";
			productName = "R-Card App";
			productReference = AAB2EC71292217380084695B /* R-Card App.app */;
			productType = "com.apple.product-type.application";
		};
/* End PBXNativeTarget section */

/* Begin PBXProject section */
		AAB2EC69292217380084695B /* Project object */ = {
			isa = PBXProject;
			attributes = {
				BuildIndependentTargetsInParallel = 1;
				LastSwiftUpdateCheck = 1340;
				LastUpgradeCheck = 1340;
				TargetAttributes = {
					AAB2EC70292217380084695B = {
						CreatedOnToolsVersion = 13.4.1;
					};
				};
			};
			buildConfigurationList = AAB2EC6C292217380084695B /* Build configuration list for PBXProject "R-Card App" */;
			compatibilityVersion = "Xcode 13.0";
			developmentRegion = en;
			hasScannedForEncodings = 0;
			knownRegions = (
				en,
				Base,
			);
			mainGroup = AAB2EC68292217380084695B;
			productRefGroup = AAB2EC72292217380084695B /* Products */;
			projectDirPath = "";
			projectRoot = "";
			targets = (
				AAB2EC70292217380084695B /* R-Card App */,
			);
		};
/* End PBXProject section */

/* Begin PBXResourcesBuildPhase section */
		AAB2EC6F292217380084695B /* Resources */ = {
			isa = PBXResourcesBuildPhase;
			buildActionMask = 2147483647;
			files = (
				AAB2EC7C2922173A0084695B /* Preview Assets.xcassets in Resources */,
				AAB2EC792922173A0084695B /* Assets.xcassets in Resources */,
			);
			runOnlyForDeploymentPostprocessing = 0;
		};
/* End PBXResourcesBuildPhase section */

/* Begin PBXSourcesBuildPhase section */
		AAB2EC6D292217380084695B /* Sources */ = {
			isa = PBXSourcesBuildPhase;
			buildActionMask = 2147483647;
			files = (
				AAB2ECA129221FEB0084695B /* SettingsView.swift in Sources */,
				AAB2EC9129221B340084695B /* StartButtonView.swift in Sources */,
				AAB2EC9729221CC90084695B /* SourceLinkView.swift in Sources */,
				AAB2EC9B29221DBF0084695B /* SettingLabelView.swift in Sources */,
				AAB2EC9329221BE70084695B /* CardRowView.swift in Sources */,
				AAB2EC86292217730084695B /* Model.swift in Sources */,
				AAB2EC88292217FC0084695B /* Info.swift in Sources */,
				AAB2ECA52922398C0084695B /* TextHeaderView.swift in Sources */,
				AAB2EC8D292219C30084695B /* SettingsRowView.swift in Sources */,
				AAB2EC9529221C5B0084695B /* CardHeaderView.swift in Sources */,
				AAB2ECA3292229020084695B /* SliderView.swift in Sources */,
				AAB2EC77292217380084695B /* ContentView.swift in Sources */,
				AAB2EC8F29221A810084695B /* CardView.swift in Sources */,
				AAB2EC9929221D0C0084695B /* CardNView.swift in Sources */,
				AAB2ECA7292239B70084695B /* Font.swift in Sources */,
				AAB2EC9D29221E750084695B /* OnboardingView.swift in Sources */,
				AAB2EC75292217380084695B /* R_Card_AppApp.swift in Sources */,
				AAB2EC9F29221F030084695B /* CardDetailView.swift in Sources */,
			);
			runOnlyForDeploymentPostprocessing = 0;
		};
/* End PBXSourcesBuildPhase section */

/* Begin XCBuildConfiguration section */
		AAB2EC7D2922173A0084695B /* Debug */ = {
			isa = XCBuildConfiguration;
			buildSettings = {
				ALWAYS_SEARCH_USER_PATHS = NO;
				CLANG_ANALYZER_NONNULL = YES;
				CLANG_ANALYZER_NUMBER_OBJECT_CONVERSION = YES_AGGRESSIVE;
				CLANG_CXX_LANGUAGE_STANDARD = "gnu++17";
				CLANG_ENABLE_MODULES = YES;
				CLANG_ENABLE_OBJC_ARC = YES;
				CLANG_ENABLE_OBJC_WEAK = YES;
				CLANG_WARN_BLOCK_CAPTURE_AUTORELEASING = YES;
				CLANG_WARN_BOOL_CONVERSION = YES;
				CLANG_WARN_COMMA = YES;
				CLANG_WARN_CONSTANT_CONVERSION = YES;
				CLANG_WARN_DEPRECATED_OBJC_IMPLEMENTATIONS = YES;
				CLANG_WARN_DIRECT_OBJC_ISA_USAGE = YES_ERROR;
				CLANG_WARN_DOCUMENTATION_COMMENTS = YES;
				CLANG_WARN_EMPTY_BODY = YES;
				CLANG_WARN_ENUM_CONVERSION = YES;
				CLANG_WARN_INFINITE_RECURSION = YES;
				CLANG_WARN_INT_CONVERSION = YES;
				CLANG_WARN_NON_LITERAL_NULL_CONVERSION = YES;
				CLANG_WARN_OBJC_IMPLICIT_RETAIN_SELF = YES;
				CLANG_WARN_OBJC_LITERAL_CONVERSION = YES;
				CLANG_WARN_OBJC_ROOT_CLASS = YES_ERROR;
				CLANG_WARN_QUOTED_INCLUDE_IN_FRAMEWORK_HEADER = YES;
				CLANG_WARN_RANGE_LOOP_ANALYSIS = YES;
				CLANG_WARN_STRICT_PROTOTYPES = YES;
				CLANG_WARN_SUSPICIOUS_MOVE = YES;
				CLANG_WARN_UNGUARDED_AVAILABILITY = YES_AGGRESSIVE;
				CLANG_WARN_UNREACHABLE_CODE = YES;
				CLANG_WARN__DUPLICATE_METHOD_MATCH = YES;
				COPY_PHASE_STRIP = NO;
				DEBUG_INFORMATION_FORMAT = dwarf;
				ENABLE_STRICT_OBJC_MSGSEND = YES;
				ENABLE_TESTABILITY = YES;
				GCC_C_LANGUAGE_STANDARD = gnu11;
				GCC_DYNAMIC_NO_PIC = NO;
				GCC_NO_COMMON_BLOCKS = YES;
				GCC_OPTIMIZATION_LEVEL = 0;
				GCC_PREPROCESSOR_DEFINITIONS = (
					"DEBUG=1",
					"$(inherited)",
				);
				GCC_WARN_64_TO_32_BIT_CONVERSION = YES;
				GCC_WARN_ABOUT_RETURN_TYPE = YES_ERROR;
				GCC_WARN_UNDECLARED_SELECTOR = YES;
				GCC_WARN_UNINITIALIZED_AUTOS = YES_AGGRESSIVE;
				GCC_WARN_UNUSED_FUNCTION = YES;
				GCC_WARN_UNUSED_VARIABLE = YES;
				IPHONEOS_DEPLOYMENT_TARGET = 15.5;
				MTL_ENABLE_DEBUG_INFO = INCLUDE_SOURCE;
				MTL_FAST_MATH = YES;
				ONLY_ACTIVE_ARCH = YES;
				SDKROOT = iphoneos;
				SWIFT_ACTIVE_COMPILATION_CONDITIONS = DEBUG;
				SWIFT_OPTIMIZATION_LEVEL = "-Onone";
			};
			name = Debug;
		};
		AAB2EC7E2922173A0084695B /* Release */ = {
			isa = XCBuildConfiguration;
			buildSettings = {
				ALWAYS_SEARCH_USER_PATHS = NO;
				CLANG_ANALYZER_NONNULL = YES;
				CLANG_ANALYZER_NUMBER_OBJECT_CONVERSION = YES_AGGRESSIVE;
				CLANG_CXX_LANGUAGE_STANDARD = "gnu++17";
				CLANG_ENABLE_MODULES = YES;
				CLANG_ENABLE_OBJC_ARC = YES;
				CLANG_ENABLE_OBJC_WEAK = YES;
				CLANG_WARN_BLOCK_CAPTURE_AUTORELEASING = YES;
				CLANG_WARN_BOOL_CONVERSION = YES;
				CLANG_WARN_COMMA = YES;
				CLANG_WARN_CONSTANT_CONVERSION = YES;
				CLANG_WARN_DEPRECATED_OBJC_IMPLEMENTATIONS = YES;
				CLANG_WARN_DIRECT_OBJC_ISA_USAGE = YES_ERROR;
				CLANG_WARN_DOCUMENTATION_COMMENTS = YES;
				CLANG_WARN_EMPTY_BODY = YES;
				CLANG_WARN_ENUM_CONVERSION = YES;
				CLANG_WARN_INFINITE_RECURSION = YES;
				CLANG_WARN_INT_CONVERSION = YES;
				CLANG_WARN_NON_LITERAL_NULL_CONVERSION = YES;
				CLANG_WARN_OBJC_IMPLICIT_RETAIN_SELF = YES;
				CLANG_WARN_OBJC_LITERAL_CONVERSION = YES;
				CLANG_WARN_OBJC_ROOT_CLASS = YES_ERROR;
				CLANG_WARN_QUOTED_INCLUDE_IN_FRAMEWORK_HEADER = YES;
				CLANG_WARN_RANGE_LOOP_ANALYSIS = YES;
				CLANG_WARN_STRICT_PROTOTYPES = YES;
				CLANG_WARN_SUSPICIOUS_MOVE = YES;
				CLANG_WARN_UNGUARDED_AVAILABILITY = YES_AGGRESSIVE;
				CLANG_WARN_UNREACHABLE_CODE = YES;
				CLANG_WARN__DUPLICATE_METHOD_MATCH = YES;
				COPY_PHASE_STRIP = NO;
				DEBUG_INFORMATION_FORMAT = "dwarf-with-dsym";
				ENABLE_NS_ASSERTIONS = NO;
				ENABLE_STRICT_OBJC_MSGSEND = YES;
				GCC_C_LANGUAGE_STANDARD = gnu11;
				GCC_NO_COMMON_BLOCKS = YES;
				GCC_WARN_64_TO_32_BIT_CONVERSION = YES;
				GCC_WARN_ABOUT_RETURN_TYPE = YES_ERROR;
				GCC_WARN_UNDECLARED_SELECTOR = YES;
				GCC_WARN_UNINITIALIZED_AUTOS = YES_AGGRESSIVE;
				GCC_WARN_UNUSED_FUNCTION = YES;
				GCC_WARN_UNUSED_VARIABLE = YES;
				IPHONEOS_DEPLOYMENT_TARGET = 15.5;
				MTL_ENABLE_DEBUG_INFO = NO;
				MTL_FAST_MATH = YES;
				SDKROOT = iphoneos;
				SWIFT_COMPILATION_MODE = wholemodule;
				SWIFT_OPTIMIZATION_LEVEL = "-O";
				VALIDATE_PRODUCT = YES;
			};
			name = Release;
		};
		AAB2EC802922173A0084695B /* Debug */ = {
			isa = XCBuildConfiguration;
			buildSettings = {
				ASSETCATALOG_COMPILER_APPICON_NAME = AppIcon;
				ASSETCATALOG_COMPILER_GLOBAL_ACCENT_COLOR_NAME = AccentColor;
				CODE_SIGN_STYLE = Automatic;
				CURRENT_PROJECT_VERSION = 1;
				DEVELOPMENT_ASSET_PATHS = "\"R-Card App/Preview Content\"";
				DEVELOPMENT_TEAM = A7R478R294;
				ENABLE_PREVIEWS = YES;
				GENERATE_INFOPLIST_FILE = YES;
				INFOPLIST_KEY_UIApplicationSceneManifest_Generation = YES;
				INFOPLIST_KEY_UIApplicationSupportsIndirectInputEvents = YES;
				INFOPLIST_KEY_UILaunchScreen_Generation = YES;
				INFOPLIST_KEY_UISupportedInterfaceOrientations_iPad = "UIInterfaceOrientationPortrait UIInterfaceOrientationPortraitUpsideDown UIInterfaceOrientationLandscapeLeft UIInterfaceOrientationLandscapeRight";
				INFOPLIST_KEY_UISupportedInterfaceOrientations_iPhone = "UIInterfaceOrientationPortrait UIInterfaceOrientationLandscapeLeft UIInterfaceOrientationLandscapeRight";
				LD_RUNPATH_SEARCH_PATHS = (
					"$(inherited)",
					"@executable_path/Frameworks",
				);
				MARKETING_VERSION = 1.0;
				PRODUCT_BUNDLE_IDENTIFIER = "akash.R-Card-App";
				PRODUCT_NAME = "$(TARGET_NAME)";
				SWIFT_EMIT_LOC_STRINGS = YES;
				SWIFT_VERSION = 5.0;
				TARGETED_DEVICE_FAMILY = "1,2";
			};
			name = Debug;
		};
		AAB2EC812922173A0084695B /* Release */ = {
			isa = XCBuildConfiguration;
			buildSettings = {
				ASSETCATALOG_COMPILER_APPICON_NAME = AppIcon;
				ASSETCATALOG_COMPILER_GLOBAL_ACCENT_COLOR_NAME = AccentColor;
				CODE_SIGN_STYLE = Automatic;
				CURRENT_PROJECT_VERSION = 1;
				DEVELOPMENT_ASSET_PATHS = "\"R-Card App/Preview Content\"";
				DEVELOPMENT_TEAM = A7R478R294;
				ENABLE_PREVIEWS = YES;
				GENERATE_INFOPLIST_FILE = YES;
				INFOPLIST_KEY_UIApplicationSceneManifest_Generation = YES;
				INFOPLIST_KEY_UIApplicationSupportsIndirectInputEvents = YES;
				INFOPLIST_KEY_UILaunchScreen_Generation = YES;
				INFOPLIST_KEY_UISupportedInterfaceOrientations_iPad = "UIInterfaceOrientationPortrait UIInterfaceOrientationPortraitUpsideDown UIInterfaceOrientationLandscapeLeft UIInterfaceOrientationLandscapeRight";
				INFOPLIST_KEY_UISupportedInterfaceOrientations_iPhone = "UIInterfaceOrientationPortrait UIInterfaceOrientationLandscapeLeft UIInterfaceOrientationLandscapeRight";
				LD_RUNPATH_SEARCH_PATHS = (
					"$(inherited)",
					"@executable_path/Frameworks",
				);
				MARKETING_VERSION = 1.0;
				PRODUCT_BUNDLE_IDENTIFIER = "akash.R-Card-App";
				PRODUCT_NAME = "$(TARGET_NAME)";
				SWIFT_EMIT_LOC_STRINGS = YES;
				SWIFT_VERSION = 5.0;
				TARGETED_DEVICE_FAMILY = "1,2";
			};
			name = Release;
		};
/* End XCBuildConfiguration section */

/* Begin XCConfigurationList section */
		AAB2EC6C292217380084695B /* Build configuration list for PBXProject "R-Card App" */ = {
			isa = XCConfigurationList;
			buildConfigurations = (
				AAB2EC7D2922173A0084695B /* Debug */,
				AAB2EC7E2922173A0084695B /* Release */,
			);
			defaultConfigurationIsVisible = 0;
			defaultConfigurationName = Release;
		};
		AAB2EC7F2922173A0084695B /* Build configuration list for PBXNativeTarget "R-Card App" */ = {
			isa = XCConfigurationList;
			buildConfigurations = (
				AAB2EC802922173A0084695B /* Debug */,
				AAB2EC812922173A0084695B /* Release */,
			);
			defaultConfigurationIsVisible = 0;
			defaultConfigurationName = Release;
		};
/* End XCConfigurationList section */
	};
	rootObject = AAB2EC69292217380084695B /* Project object */;
}
